version = 1
revision = 3
requires-python = ">=3.12"

[[package]]
name = "dirbypy"
version = "0.1.0"
source = { virtual = "." }
dependencies = [
    { name = "json-log-formatter" },
]

[package.metadata]
requires-dist = [{ name = "json-log-formatter", specifier = ">=1.1.1" }]

[[package]]
name = "json-log-formatter"
version = "1.1.1"
source = { registry = "https://pypi.org/simple" }
sdist = { url = "https://files.pythonhosted.org/packages/e8/ef/324f4a28ed0152a32b80685b26316b604218e4ac77487ea82719c3c28bc6/json_log_formatter-1.1.1.tar.gz", hash = "sha256:0815e3b4469e5c79cf3f6dc8a0613ba6601f4a7464f85ba03655cfa6e3e17d10", size = 5896, upload-time = "2025-02-27T22:56:15.643Z" }
